// !$*UTF8*$!
{
	archiveVersion = 1;
	classes = {
	};
	objectVersion = 50;
	objects = {

/* Begin PBXBuildFile section */
		0664146AB35D7472D0601BC9 /* Pods_Chi_Trip.framework in Frameworks */ = {isa = PBXBuildFile; fileRef = F944DF1D1D681FBECA8CE854 /* Pods_Chi_Trip.framework */; };
		450DB46521128EF700186194 /* MapViewController.swift in Sources */ = {isa = PBXBuildFile; fileRef = 450DB46421128EF700186194 /* MapViewController.swift */; };
		450DB467211A6B3700186194 /* Favorite.swift in Sources */ = {isa = PBXBuildFile; fileRef = 450DB466211A6B3700186194 /* Favorite.swift */; };
		450DB469211B6B2C00186194 /* Assets.xcassets in Resources */ = {isa = PBXBuildFile; fileRef = 450DB468211B6B2C00186194 /* Assets.xcassets */; };
		455FBFD6210B9147004261C6 /* AttractionsTableViewController.swift in Sources */ = {isa = PBXBuildFile; fileRef = 455FBFD5210B9147004261C6 /* AttractionsTableViewController.swift */; };
		456D43C9210662B40005B613 /* AppDelegate.swift in Sources */ = {isa = PBXBuildFile; fileRef = 456D43C8210662B40005B613 /* AppDelegate.swift */; };
		456D43CE210662B40005B613 /* Main.storyboard in Resources */ = {isa = PBXBuildFile; fileRef = 456D43CC210662B40005B613 /* Main.storyboard */; };
		456D43D3210662B70005B613 /* LaunchScreen.storyboard in Resources */ = {isa = PBXBuildFile; fileRef = 456D43D1210662B70005B613 /* LaunchScreen.storyboard */; };
		456D43DC2107A72E0005B613 /* NetworkManager.swift in Sources */ = {isa = PBXBuildFile; fileRef = 456D43DB2107A72E0005B613 /* NetworkManager.swift */; };
		456D43DE2107AACB0005B613 /* Attractions.swift in Sources */ = {isa = PBXBuildFile; fileRef = 456D43DD2107AACB0005B613 /* Attractions.swift */; };
		456D43E42108359D0005B613 /* ExploreAttractionsViewController.swift in Sources */ = {isa = PBXBuildFile; fileRef = 456D43E32108359D0005B613 /* ExploreAttractionsViewController.swift */; };
		456D43E82108F8600005B613 /* ImageViewController.swift in Sources */ = {isa = PBXBuildFile; fileRef = 456D43E72108F8600005B613 /* ImageViewController.swift */; };
		456D43EA2108FA8E0005B613 /* ImagesPageViewController.swift in Sources */ = {isa = PBXBuildFile; fileRef = 456D43E92108FA8E0005B613 /* ImagesPageViewController.swift */; };
		45B785B421122748000E3102 /* Favorite.xcdatamodeld in Sources */ = {isa = PBXBuildFile; fileRef = 45B785B221122748000E3102 /* Favorite.xcdatamodeld */; };
		45B785B6211228B5000E3102 /* CoreDataHelper.swift in Sources */ = {isa = PBXBuildFile; fileRef = 45B785B5211228B5000E3102 /* CoreDataHelper.swift */; };
		45B785B821124A44000E3102 /* FavoritesViewController.swift in Sources */ = {isa = PBXBuildFile; fileRef = 45B785B721124A44000E3102 /* FavoritesViewController.swift */; };
		45C56B04210A3BED0032362D /* ExploreViewController.swift in Sources */ = {isa = PBXBuildFile; fileRef = 45C56B03210A3BED0032362D /* ExploreViewController.swift */; };
		45DB1F7121116A460083A045 /* AttractionDetailViewController.swift in Sources */ = {isa = PBXBuildFile; fileRef = 45DB1F7021116A460083A045 /* AttractionDetailViewController.swift */; };
		45EE56A8210B7E1A00B86809 /* Slide.swift in Sources */ = {isa = PBXBuildFile; fileRef = 45EE56A7210B7E1A00B86809 /* Slide.swift */; };
		45EE56AA210B7FE000B86809 /* Slide.xib in Resources */ = {isa = PBXBuildFile; fileRef = 45EE56A9210B7FE000B86809 /* Slide.xib */; };
		45EF1E2A210B98DB0003D663 /* CitiesTableViewController.swift in Sources */ = {isa = PBXBuildFile; fileRef = 45EF1E29210B98DB0003D663 /* CitiesTableViewController.swift */; };
		45EF1E2C210BA0490003D663 /* BigCitiesTableViewCell.swift in Sources */ = {isa = PBXBuildFile; fileRef = 45EF1E2B210BA0490003D663 /* BigCitiesTableViewCell.swift */; };
		45EF1E2E210BE0CF0003D663 /* AttractionsTableViewCell.swift in Sources */ = {isa = PBXBuildFile; fileRef = 45EF1E2D210BE0CF0003D663 /* AttractionsTableViewCell.swift */; };
/* End PBXBuildFile section */

/* Begin PBXFileReference section */
		450DB46421128EF700186194 /* MapViewController.swift */ = {isa = PBXFileReference; lastKnownFileType = sourcecode.swift; path = MapViewController.swift; sourceTree = "<group>"; };
		450DB466211A6B3700186194 /* Favorite.swift */ = {isa = PBXFileReference; lastKnownFileType = sourcecode.swift; path = Favorite.swift; sourceTree = "<group>"; };
		450DB468211B6B2C00186194 /* Assets.xcassets */ = {isa = PBXFileReference; lastKnownFileType = folder.assetcatalog; path = Assets.xcassets; sourceTree = "<group>"; };
		455FBFD5210B9147004261C6 /* AttractionsTableViewController.swift */ = {isa = PBXFileReference; lastKnownFileType = sourcecode.swift; path = AttractionsTableViewController.swift; sourceTree = "<group>"; };
		456D43C5210662B40005B613 /* Chi Trip.app */ = {isa = PBXFileReference; explicitFileType = wrapper.application; includeInIndex = 0; path = "Chi Trip.app"; sourceTree = BUILT_PRODUCTS_DIR; };
		456D43C8210662B40005B613 /* AppDelegate.swift */ = {isa = PBXFileReference; lastKnownFileType = sourcecode.swift; path = AppDelegate.swift; sourceTree = "<group>"; };
		456D43CD210662B40005B613 /* Base */ = {isa = PBXFileReference; lastKnownFileType = file.storyboard; name = Base; path = Base.lproj/Main.storyboard; sourceTree = "<group>"; };
		456D43D2210662B70005B613 /* Base */ = {isa = PBXFileReference; lastKnownFileType = file.storyboard; name = Base; path = Base.lproj/LaunchScreen.storyboard; sourceTree = "<group>"; };
		456D43D4210662B70005B613 /* Info.plist */ = {isa = PBXFileReference; lastKnownFileType = text.plist.xml; path = Info.plist; sourceTree = "<group>"; };
		456D43DB2107A72E0005B613 /* NetworkManager.swift */ = {isa = PBXFileReference; lastKnownFileType = sourcecode.swift; path = NetworkManager.swift; sourceTree = "<group>"; };
		456D43DD2107AACB0005B613 /* Attractions.swift */ = {isa = PBXFileReference; lastKnownFileType = sourcecode.swift; path = Attractions.swift; sourceTree = "<group>"; };
		456D43E32108359D0005B613 /* ExploreAttractionsViewController.swift */ = {isa = PBXFileReference; fileEncoding = 4; lastKnownFileType = sourcecode.swift; path = ExploreAttractionsViewController.swift; sourceTree = "<group>"; };
		456D43E72108F8600005B613 /* ImageViewController.swift */ = {isa = PBXFileReference; lastKnownFileType = sourcecode.swift; path = ImageViewController.swift; sourceTree = "<group>"; };
		456D43E92108FA8E0005B613 /* ImagesPageViewController.swift */ = {isa = PBXFileReference; lastKnownFileType = sourcecode.swift; path = ImagesPageViewController.swift; sourceTree = "<group>"; };
		45B785B321122748000E3102 /* Favorite.xcdatamodel */ = {isa = PBXFileReference; lastKnownFileType = wrapper.xcdatamodel; path = Favorite.xcdatamodel; sourceTree = "<group>"; };
		45B785B5211228B5000E3102 /* CoreDataHelper.swift */ = {isa = PBXFileReference; lastKnownFileType = sourcecode.swift; path = CoreDataHelper.swift; sourceTree = "<group>"; };
		45B785B721124A44000E3102 /* FavoritesViewController.swift */ = {isa = PBXFileReference; lastKnownFileType = sourcecode.swift; path = FavoritesViewController.swift; sourceTree = "<group>"; };
		45C56B03210A3BED0032362D /* ExploreViewController.swift */ = {isa = PBXFileReference; lastKnownFileType = sourcecode.swift; path = ExploreViewController.swift; sourceTree = "<group>"; };
		45DB1F7021116A460083A045 /* AttractionDetailViewController.swift */ = {isa = PBXFileReference; lastKnownFileType = sourcecode.swift; path = AttractionDetailViewController.swift; sourceTree = "<group>"; };
		45EE56A7210B7E1A00B86809 /* Slide.swift */ = {isa = PBXFileReference; lastKnownFileType = sourcecode.swift; path = Slide.swift; sourceTree = "<group>"; };
		45EE56A9210B7FE000B86809 /* Slide.xib */ = {isa = PBXFileReference; lastKnownFileType = file.xib; path = Slide.xib; sourceTree = "<group>"; };
		45EF1E29210B98DB0003D663 /* CitiesTableViewController.swift */ = {isa = PBXFileReference; lastKnownFileType = sourcecode.swift; path = CitiesTableViewController.swift; sourceTree = "<group>"; };
		45EF1E2B210BA0490003D663 /* BigCitiesTableViewCell.swift */ = {isa = PBXFileReference; lastKnownFileType = sourcecode.swift; path = BigCitiesTableViewCell.swift; sourceTree = "<group>"; };
		45EF1E2D210BE0CF0003D663 /* AttractionsTableViewCell.swift */ = {isa = PBXFileReference; lastKnownFileType = sourcecode.swift; path = AttractionsTableViewCell.swift; sourceTree = "<group>"; };
		47143C424077441FA6D25307 /* Pods-Chi Trip.debug.xcconfig */ = {isa = PBXFileReference; includeInIndex = 1; lastKnownFileType = text.xcconfig; name = "Pods-Chi Trip.debug.xcconfig"; path = "Pods/Target Support Files/Pods-Chi Trip/Pods-Chi Trip.debug.xcconfig"; sourceTree = "<group>"; };
		8CBBEE234FF058EC4D21E619 /* Pods-Chi Trip.release.xcconfig */ = {isa = PBXFileReference; includeInIndex = 1; lastKnownFileType = text.xcconfig; name = "Pods-Chi Trip.release.xcconfig"; path = "Pods/Target Support Files/Pods-Chi Trip/Pods-Chi Trip.release.xcconfig"; sourceTree = "<group>"; };
		F944DF1D1D681FBECA8CE854 /* Pods_Chi_Trip.framework */ = {isa = PBXFileReference; explicitFileType = wrapper.framework; includeInIndex = 0; path = Pods_Chi_Trip.framework; sourceTree = BUILT_PRODUCTS_DIR; };
/* End PBXFileReference section */

/* Begin PBXFrameworksBuildPhase section */
		456D43C2210662B40005B613 /* Frameworks */ = {
			isa = PBXFrameworksBuildPhase;
			buildActionMask = 2147483647;
			files = (
				0664146AB35D7472D0601BC9 /* Pods_Chi_Trip.framework in Frameworks */,
			);
			runOnlyForDeploymentPostprocessing = 0;
		};
/* End PBXFrameworksBuildPhase section */

/* Begin PBXGroup section */
		456D43BC210662B40005B613 = {
			isa = PBXGroup;
			children = (
				456D43C7210662B40005B613 /* Chi Trip */,
				456D43C6210662B40005B613 /* Products */,
				F27D1BCD4616818DDD6685C0 /* Pods */,
				C1E2B6713F24F437FC20C0F2 /* Frameworks */,
			);
			sourceTree = "<group>";
		};
		456D43C6210662B40005B613 /* Products */ = {
			isa = PBXGroup;
			children = (
				456D43C5210662B40005B613 /* Chi Trip.app */,
			);
			name = Products;
			sourceTree = "<group>";
		};
		456D43C7210662B40005B613 /* Chi Trip */ = {
			isa = PBXGroup;
			children = (
				450DB468211B6B2C00186194 /* Assets.xcassets */,
				45B785B1211226FC000E3102 /* CoreData */,
				45EFED1D21115A89002CF48A /* Trash */,
				45C56B02210A3B9B0032362D /* Storyboards */,
				45C56B01210A3B7C0032362D /* Views */,
				45C56B00210A3B760032362D /* Models */,
				45C56AFF210A3B6E0032362D /* Controllers */,
				456D43DA2107A70C0005B613 /* Networking Services */,
				456D43C8210662B40005B613 /* AppDelegate.swift */,
				456D43D4210662B70005B613 /* Info.plist */,
			);
			path = "Chi Trip";
			sourceTree = "<group>";
		};
		456D43DA2107A70C0005B613 /* Networking Services */ = {
			isa = PBXGroup;
			children = (
				456D43DB2107A72E0005B613 /* NetworkManager.swift */,
			);
			path = "Networking Services";
			sourceTree = "<group>";
		};
		45B785B1211226FC000E3102 /* CoreData */ = {
			isa = PBXGroup;
			children = (
				45B785B221122748000E3102 /* Favorite.xcdatamodeld */,
				45B785B5211228B5000E3102 /* CoreDataHelper.swift */,
			);
			path = CoreData;
			sourceTree = "<group>";
		};
		45C56AFF210A3B6E0032362D /* Controllers */ = {
			isa = PBXGroup;
			children = (
				450DB46421128EF700186194 /* MapViewController.swift */,
				456D43E32108359D0005B613 /* ExploreAttractionsViewController.swift */,
				45EF1E29210B98DB0003D663 /* CitiesTableViewController.swift */,
				45DB1F7021116A460083A045 /* AttractionDetailViewController.swift */,
				45B785B721124A44000E3102 /* FavoritesViewController.swift */,
			);
			path = Controllers;
			sourceTree = "<group>";
		};
		45C56B00210A3B760032362D /* Models */ = {
			isa = PBXGroup;
			children = (
				456D43DD2107AACB0005B613 /* Attractions.swift */,
				450DB466211A6B3700186194 /* Favorite.swift */,
			);
			path = Models;
			sourceTree = "<group>";
		};
		45C56B01210A3B7C0032362D /* Views */ = {
			isa = PBXGroup;
			children = (
				45EE56A9210B7FE000B86809 /* Slide.xib */,
				45EF1E2B210BA0490003D663 /* BigCitiesTableViewCell.swift */,
				45EE56A7210B7E1A00B86809 /* Slide.swift */,
				45EF1E2D210BE0CF0003D663 /* AttractionsTableViewCell.swift */,
			);
			path = Views;
			sourceTree = "<group>";
		};
		45C56B02210A3B9B0032362D /* Storyboards */ = {
			isa = PBXGroup;
			children = (
				456D43D1210662B70005B613 /* LaunchScreen.storyboard */,
				456D43CC210662B40005B613 /* Main.storyboard */,
			);
			path = Storyboards;
			sourceTree = "<group>";
		};
		45EFED1D21115A89002CF48A /* Trash */ = {
			isa = PBXGroup;
			children = (
				45C56B03210A3BED0032362D /* ExploreViewController.swift */,
				455FBFD5210B9147004261C6 /* AttractionsTableViewController.swift */,
				456D43E72108F8600005B613 /* ImageViewController.swift */,
				456D43E92108FA8E0005B613 /* ImagesPageViewController.swift */,
			);
			path = Trash;
			sourceTree = "<group>";
		};
		C1E2B6713F24F437FC20C0F2 /* Frameworks */ = {
			isa = PBXGroup;
			children = (
				F944DF1D1D681FBECA8CE854 /* Pods_Chi_Trip.framework */,
			);
			name = Frameworks;
			sourceTree = "<group>";
		};
		F27D1BCD4616818DDD6685C0 /* Pods */ = {
			isa = PBXGroup;
			children = (
				47143C424077441FA6D25307 /* Pods-Chi Trip.debug.xcconfig */,
				8CBBEE234FF058EC4D21E619 /* Pods-Chi Trip.release.xcconfig */,
			);
			name = Pods;
			sourceTree = "<group>";
		};
/* End PBXGroup section */

/* Begin PBXNativeTarget section */
		456D43C4210662B40005B613 /* Chi Trip */ = {
			isa = PBXNativeTarget;
			buildConfigurationList = 456D43D7210662B70005B613 /* Build configuration list for PBXNativeTarget "Chi Trip" */;
			buildPhases = (
				175137729CCA25E264E9A3A5 /* [CP] Check Pods Manifest.lock */,
				456D43C1210662B40005B613 /* Sources */,
				456D43C2210662B40005B613 /* Frameworks */,
				456D43C3210662B40005B613 /* Resources */,
				49E9AC2D75F2A500BFD85F89 /* [CP] Embed Pods Frameworks */,
			);
			buildRules = (
			);
			dependencies = (
			);
			name = "Chi Trip";
			productName = "Chi Trip";
			productReference = 456D43C5210662B40005B613 /* Chi Trip.app */;
			productType = "com.apple.product-type.application";
		};
/* End PBXNativeTarget section */

/* Begin PBXProject section */
		456D43BD210662B40005B613 /* Project object */ = {
			isa = PBXProject;
			attributes = {
				LastSwiftUpdateCheck = 0940;
				LastUpgradeCheck = 0940;
				ORGANIZATIONNAME = Gabbie;
				TargetAttributes = {
					456D43C4210662B40005B613 = {
						CreatedOnToolsVersion = 9.4.1;
					};
				};
			};
			buildConfigurationList = 456D43C0210662B40005B613 /* Build configuration list for PBXProject "Chi Trip" */;
			compatibilityVersion = "Xcode 9.3";
			developmentRegion = en;
			hasScannedForEncodings = 0;
			knownRegions = (
				en,
				Base,
			);
			mainGroup = 456D43BC210662B40005B613;
			productRefGroup = 456D43C6210662B40005B613 /* Products */;
			projectDirPath = "";
			projectRoot = "";
			targets = (
				456D43C4210662B40005B613 /* Chi Trip */,
			);
		};
/* End PBXProject section */

/* Begin PBXResourcesBuildPhase section */
		456D43C3210662B40005B613 /* Resources */ = {
			isa = PBXResourcesBuildPhase;
			buildActionMask = 2147483647;
			files = (
				456D43D3210662B70005B613 /* LaunchScreen.storyboard in Resources */,
				456D43CE210662B40005B613 /* Main.storyboard in Resources */,
				450DB469211B6B2C00186194 /* Assets.xcassets in Resources */,
				45EE56AA210B7FE000B86809 /* Slide.xib in Resources */,
			);
			runOnlyForDeploymentPostprocessing = 0;
		};
/* End PBXResourcesBuildPhase section */

/* Begin PBXShellScriptBuildPhase section */
		175137729CCA25E264E9A3A5 /* [CP] Check Pods Manifest.lock */ = {
			isa = PBXShellScriptBuildPhase;
			buildActionMask = 2147483647;
			files = (
			);
			inputPaths = (
				"${PODS_PODFILE_DIR_PATH}/Podfile.lock",
				"${PODS_ROOT}/Manifest.lock",
			);
			name = "[CP] Check Pods Manifest.lock";
			outputPaths = (
				"$(DERIVED_FILE_DIR)/Pods-Chi Trip-checkManifestLockResult.txt",
			);
			runOnlyForDeploymentPostprocessing = 0;
			shellPath = /bin/sh;
			shellScript = "diff \"${PODS_PODFILE_DIR_PATH}/Podfile.lock\" \"${PODS_ROOT}/Manifest.lock\" > /dev/null\nif [ $? != 0 ] ; then\n    # print error to STDERR\n    echo \"error: The sandbox is not in sync with the Podfile.lock. Run 'pod install' or update your CocoaPods installation.\" >&2\n    exit 1\nfi\n# This output is used by Xcode 'outputs' to avoid re-running this script phase.\necho \"SUCCESS\" > \"${SCRIPT_OUTPUT_FILE_0}\"\n";
			showEnvVarsInLog = 0;
		};
		49E9AC2D75F2A500BFD85F89 /* [CP] Embed Pods Frameworks */ = {
			isa = PBXShellScriptBuildPhase;
			buildActionMask = 2147483647;
			files = (
			);
			inputPaths = (
				"${SRCROOT}/Pods/Target Support Files/Pods-Chi Trip/Pods-Chi Trip-frameworks.sh",
				"${BUILT_PRODUCTS_DIR}/Alamofire/Alamofire.framework",
				"${BUILT_PRODUCTS_DIR}/ISPageControl/ISPageControl.framework",
				"${BUILT_PRODUCTS_DIR}/Kingfisher/Kingfisher.framework",
				"${BUILT_PRODUCTS_DIR}/SwiftyJSON/SwiftyJSON.framework",
			);
			name = "[CP] Embed Pods Frameworks";
			outputPaths = (
				"${TARGET_BUILD_DIR}/${FRAMEWORKS_FOLDER_PATH}/Alamofire.framework",
				"${TARGET_BUILD_DIR}/${FRAMEWORKS_FOLDER_PATH}/ISPageControl.framework",
				"${TARGET_BUILD_DIR}/${FRAMEWORKS_FOLDER_PATH}/Kingfisher.framework",
				"${TARGET_BUILD_DIR}/${FRAMEWORKS_FOLDER_PATH}/SwiftyJSON.framework",
			);
			runOnlyForDeploymentPostprocessing = 0;
			shellPath = /bin/sh;
			shellScript = "\"${SRCROOT}/Pods/Target Support Files/Pods-Chi Trip/Pods-Chi Trip-frameworks.sh\"\n";
			showEnvVarsInLog = 0;
		};
/* End PBXShellScriptBuildPhase section */

/* Begin PBXSourcesBuildPhase section */
		456D43C1210662B40005B613 /* Sources */ = {
			isa = PBXSourcesBuildPhase;
			buildActionMask = 2147483647;
			files = (
				45B785B6211228B5000E3102 /* CoreDataHelper.swift in Sources */,
				456D43DE2107AACB0005B613 /* Attractions.swift in Sources */,
				456D43DC2107A72E0005B613 /* NetworkManager.swift in Sources */,
				456D43EA2108FA8E0005B613 /* ImagesPageViewController.swift in Sources */,
				456D43E82108F8600005B613 /* ImageViewController.swift in Sources */,
				45EF1E2E210BE0CF0003D663 /* AttractionsTableViewCell.swift in Sources */,
				45C56B04210A3BED0032362D /* ExploreViewController.swift in Sources */,
				456D43C9210662B40005B613 /* AppDelegate.swift in Sources */,
				45B785B421122748000E3102 /* Favorite.xcdatamodeld in Sources */,
				45DB1F7121116A460083A045 /* AttractionDetailViewController.swift in Sources */,
				45B785B821124A44000E3102 /* FavoritesViewController.swift in Sources */,
				456D43E42108359D0005B613 /* ExploreAttractionsViewController.swift in Sources */,
				45EE56A8210B7E1A00B86809 /* Slide.swift in Sources */,
				45EF1E2C210BA0490003D663 /* BigCitiesTableViewCell.swift in Sources */,
				45EF1E2A210B98DB0003D663 /* CitiesTableViewController.swift in Sources */,
				450DB467211A6B3700186194 /* Favorite.swift in Sources */,
				455FBFD6210B9147004261C6 /* AttractionsTableViewController.swift in Sources */,
				450DB46521128EF700186194 /* MapViewController.swift in Sources */,
			);
			runOnlyForDeploymentPostprocessing = 0;
		};
/* End PBXSourcesBuildPhase section */

/* Begin PBXVariantGroup section */
		456D43CC210662B40005B613 /* Main.storyboard */ = {
			isa = PBXVariantGroup;
			children = (
				456D43CD210662B40005B613 /* Base */,
			);
			name = Main.storyboard;
			sourceTree = "<group>";
		};
		456D43D1210662B70005B613 /* LaunchScreen.storyboard */ = {
			isa = PBXVariantGroup;
			children = (
				456D43D2210662B70005B613 /* Base */,
			);
			name = LaunchScreen.storyboard;
			sourceTree = "<group>";
		};
/* End PBXVariantGroup section */

/* Begin XCBuildConfiguration section */
		456D43D5210662B70005B613 /* Debug */ = {
			isa = XCBuildConfiguration;
			buildSettings = {
				ALWAYS_SEARCH_USER_PATHS = NO;
				CLANG_ANALYZER_NONNULL = YES;
				CLANG_ANALYZER_NUMBER_OBJECT_CONVERSION = YES_AGGRESSIVE;
				CLANG_CXX_LANGUAGE_STANDARD = "gnu++14";
				CLANG_CXX_LIBRARY = "libc++";
				CLANG_ENABLE_MODULES = YES;
				CLANG_ENABLE_OBJC_ARC = YES;
				CLANG_ENABLE_OBJC_WEAK = YES;
				CLANG_WARN_BLOCK_CAPTURE_AUTORELEASING = YES;
				CLANG_WARN_BOOL_CONVERSION = YES;
				CLANG_WARN_COMMA = YES;
				CLANG_WARN_CONSTANT_CONVERSION = YES;
				CLANG_WARN_DEPRECATED_OBJC_IMPLEMENTATIONS = YES;
				CLANG_WARN_DIRECT_OBJC_ISA_USAGE = YES_ERROR;
				CLANG_WARN_DOCUMENTATION_COMMENTS = YES;
				CLANG_WARN_EMPTY_BODY = YES;
				CLANG_WARN_ENUM_CONVERSION = YES;
				CLANG_WARN_INFINITE_RECURSION = YES;
				CLANG_WARN_INT_CONVERSION = YES;
				CLANG_WARN_NON_LITERAL_NULL_CONVERSION = YES;
				CLANG_WARN_OBJC_IMPLICIT_RETAIN_SELF = YES;
				CLANG_WARN_OBJC_LITERAL_CONVERSION = YES;
				CLANG_WARN_OBJC_ROOT_CLASS = YES_ERROR;
				CLANG_WARN_RANGE_LOOP_ANALYSIS = YES;
				CLANG_WARN_STRICT_PROTOTYPES = YES;
				CLANG_WARN_SUSPICIOUS_MOVE = YES;
				CLANG_WARN_UNGUARDED_AVAILABILITY = YES_AGGRESSIVE;
				CLANG_WARN_UNREACHABLE_CODE = YES;
				CLANG_WARN__DUPLICATE_METHOD_MATCH = YES;
				CODE_SIGN_IDENTITY = "iPhone Developer";
				COPY_PHASE_STRIP = NO;
				DEBUG_INFORMATION_FORMAT = dwarf;
				ENABLE_STRICT_OBJC_MSGSEND = YES;
				ENABLE_TESTABILITY = YES;
				GCC_C_LANGUAGE_STANDARD = gnu11;
				GCC_DYNAMIC_NO_PIC = NO;
				GCC_NO_COMMON_BLOCKS = YES;
				GCC_OPTIMIZATION_LEVEL = 0;
				GCC_PREPROCESSOR_DEFINITIONS = (
					"DEBUG=1",
					"$(inherited)",
				);
				GCC_WARN_64_TO_32_BIT_CONVERSION = YES;
				GCC_WARN_ABOUT_RETURN_TYPE = YES_ERROR;
				GCC_WARN_UNDECLARED_SELECTOR = YES;
				GCC_WARN_UNINITIALIZED_AUTOS = YES_AGGRESSIVE;
				GCC_WARN_UNUSED_FUNCTION = YES;
				GCC_WARN_UNUSED_VARIABLE = YES;
				IPHONEOS_DEPLOYMENT_TARGET = 11.4;
				MTL_ENABLE_DEBUG_INFO = YES;
				ONLY_ACTIVE_ARCH = YES;
				SDKROOT = iphoneos;
				SWIFT_ACTIVE_COMPILATION_CONDITIONS = DEBUG;
				SWIFT_OPTIMIZATION_LEVEL = "-Onone";
			};
			name = Debug;
		};
		456D43D6210662B70005B613 /* Release */ = {
			isa = XCBuildConfiguration;
			buildSettings = {
				ALWAYS_SEARCH_USER_PATHS = NO;
				CLANG_ANALYZER_NONNULL = YES;
				CLANG_ANALYZER_NUMBER_OBJECT_CONVERSION = YES_AGGRESSIVE;
				CLANG_CXX_LANGUAGE_STANDARD = "gnu++14";
				CLANG_CXX_LIBRARY = "libc++";
				CLANG_ENABLE_MODULES = YES;
				CLANG_ENABLE_OBJC_ARC = YES;
				CLANG_ENABLE_OBJC_WEAK = YES;
				CLANG_WARN_BLOCK_CAPTURE_AUTORELEASING = YES;
				CLANG_WARN_BOOL_CONVERSION = YES;
				CLANG_WARN_COMMA = YES;
				CLANG_WARN_CONSTANT_CONVERSION = YES;
				CLANG_WARN_DEPRECATED_OBJC_IMPLEMENTATIONS = YES;
				CLANG_WARN_DIRECT_OBJC_ISA_USAGE = YES_ERROR;
				CLANG_WARN_DOCUMENTATION_COMMENTS = YES;
				CLANG_WARN_EMPTY_BODY = YES;
				CLANG_WARN_ENUM_CONVERSION = YES;
				CLANG_WARN_INFINITE_RECURSION = YES;
				CLANG_WARN_INT_CONVERSION = YES;
				CLANG_WARN_NON_LITERAL_NULL_CONVERSION = YES;
				CLANG_WARN_OBJC_IMPLICIT_RETAIN_SELF = YES;
				CLANG_WARN_OBJC_LITERAL_CONVERSION = YES;
				CLANG_WARN_OBJC_ROOT_CLASS = YES_ERROR;
				CLANG_WARN_RANGE_LOOP_ANALYSIS = YES;
				CLANG_WARN_STRICT_PROTOTYPES = YES;
				CLANG_WARN_SUSPICIOUS_MOVE = YES;
				CLANG_WARN_UNGUARDED_AVAILABILITY = YES_AGGRESSIVE;
				CLANG_WARN_UNREACHABLE_CODE = YES;
				CLANG_WARN__DUPLICATE_METHOD_MATCH = YES;
				CODE_SIGN_IDENTITY = "iPhone Developer";
				COPY_PHASE_STRIP = NO;
				DEBUG_INFORMATION_FORMAT = "dwarf-with-dsym";
				ENABLE_NS_ASSERTIONS = NO;
				ENABLE_STRICT_OBJC_MSGSEND = YES;
				GCC_C_LANGUAGE_STANDARD = gnu11;
				GCC_NO_COMMON_BLOCKS = YES;
				GCC_WARN_64_TO_32_BIT_CONVERSION = YES;
				GCC_WARN_ABOUT_RETURN_TYPE = YES_ERROR;
				GCC_WARN_UNDECLARED_SELECTOR = YES;
				GCC_WARN_UNINITIALIZED_AUTOS = YES_AGGRESSIVE;
				GCC_WARN_UNUSED_FUNCTION = YES;
				GCC_WARN_UNUSED_VARIABLE = YES;
				IPHONEOS_DEPLOYMENT_TARGET = 11.4;
				MTL_ENABLE_DEBUG_INFO = NO;
				SDKROOT = iphoneos;
				SWIFT_COMPILATION_MODE = wholemodule;
				SWIFT_OPTIMIZATION_LEVEL = "-O";
				VALIDATE_PRODUCT = YES;
			};
			name = Release;
		};
		456D43D8210662B70005B613 /* Debug */ = {
			isa = XCBuildConfiguration;
			baseConfigurationReference = 47143C424077441FA6D25307 /* Pods-Chi Trip.debug.xcconfig */;
			buildSettings = {
				ASSETCATALOG_COMPILER_APPICON_NAME = AppIcon;
				CODE_SIGN_STYLE = Automatic;
				DEVELOPMENT_TEAM = 6ZVPSJW3YD;
				INFOPLIST_FILE = "Chi Trip/Info.plist";
				LD_RUNPATH_SEARCH_PATHS = (
					"$(inherited)",
					"@executable_path/Frameworks",
				);
				PRODUCT_BUNDLE_IDENTIFIER = "me.gabriellechang.Chi-Trip";
				PRODUCT_NAME = "$(TARGET_NAME)";
				SWIFT_VERSION = 4.0;
				TARGETED_DEVICE_FAMILY = "1,2";
			};
			name = Debug;
		};
		456D43D9210662B70005B613 /* Release */ = {
			isa = XCBuildConfiguration;
			baseConfigurationReference = 8CBBEE234FF058EC4D21E619 /* Pods-Chi Trip.release.xcconfig */;
			buildSettings = {
				ASSETCATALOG_COMPILER_APPICON_NAME = AppIcon;
				CODE_SIGN_STYLE = Automatic;
				DEVELOPMENT_TEAM = 6ZVPSJW3YD;
				INFOPLIST_FILE = "Chi Trip/Info.plist";
				LD_RUNPATH_SEARCH_PATHS = (
					"$(inherited)",
					"@executable_path/Frameworks",
				);
				PRODUCT_BUNDLE_IDENTIFIER = "me.gabriellechang.Chi-Trip";
				PRODUCT_NAME = "$(TARGET_NAME)";
				SWIFT_VERSION = 4.0;
				TARGETED_DEVICE_FAMILY = "1,2";
			};
			name = Release;
		};
/* End XCBuildConfiguration section */

/* Begin XCConfigurationList section */
		456D43C0210662B40005B613 /* Build configuration list for PBXProject "Chi Trip" */ = {
			isa = XCConfigurationList;
			buildConfigurations = (
				456D43D5210662B70005B613 /* Debug */,
				456D43D6210662B70005B613 /* Release */,
			);
			defaultConfigurationIsVisible = 0;
			defaultConfigurationName = Release;
		};
		456D43D7210662B70005B613 /* Build configuration list for PBXNativeTarget "Chi Trip" */ = {
			isa = XCConfigurationList;
			buildConfigurations = (
				456D43D8210662B70005B613 /* Debug */,
				456D43D9210662B70005B613 /* Release */,
			);
			defaultConfigurationIsVisible = 0;
			defaultConfigurationName = Release;
		};
/* End XCConfigurationList section */

/* Begin XCVersionGroup section */
		45B785B221122748000E3102 /* Favorite.xcdatamodeld */ = {
			isa = XCVersionGroup;
			children = (
				45B785B321122748000E3102 /* Favorite.xcdatamodel */,
			);
			currentVersion = 45B785B321122748000E3102 /* Favorite.xcdatamodel */;
			path = Favorite.xcdatamodeld;
			sourceTree = "<group>";
			versionGroupType = wrapper.xcdatamodel;
		};
/* End XCVersionGroup section */
	};
	rootObject = 456D43BD210662B40005B613 /* Project object */;
}
